github.com/piercefreeman/goproxy v0.0.3 h1:6hAyj4plFuu3+lgt5u5ZozcXjPSJ0QwtxuhMkFJchsc=
github.com/piercefreeman/goproxy v0.0.3/go.mod h1:l5HLvLDhJ/BRwyAg1MZI7X0wKuyrFqCX7flLI11zsqg=
github.com/rogpeppe/go-charset v0.0.0-20180617210344-2471d30d28b4/go.mod h1:qgYeAmZ5ZIpBWTGllZSQnw97Dj+woV0toclVaRGI8pc=
